// !$*UTF8*$!
{
	archiveVersion = 1;
	classes = {
	};
	objectVersion = 56;
	objects = {

/* Begin PBXBuildFile section */
		687BACD32923C9C3006F6079 /* SkinVisionTApp.swift in Sources */ = {isa = PBXBuildFile; fileRef = 687BACD22923C9C3006F6079 /* SkinVisionTApp.swift */; };
		687BACD52923C9C3006F6079 /* ContentView.swift in Sources */ = {isa = PBXBuildFile; fileRef = 687BACD42923C9C3006F6079 /* ContentView.swift */; };
		687BACD72923C9C4006F6079 /* Assets.xcassets in Resources */ = {isa = PBXBuildFile; fileRef = 687BACD62923C9C4006F6079 /* Assets.xcassets */; };
		687BACDA2923C9C4006F6079 /* Preview Assets.xcassets in Resources */ = {isa = PBXBuildFile; fileRef = 687BACD92923C9C4006F6079 /* Preview Assets.xcassets */; };
		687BACE42923C9C4006F6079 /* SkinVisionTTests.swift in Sources */ = {isa = PBXBuildFile; fileRef = 687BACE32923C9C4006F6079 /* SkinVisionTTests.swift */; };
		687BACEE2923C9C4006F6079 /* SkinVisionTUITests.swift in Sources */ = {isa = PBXBuildFile; fileRef = 687BACED2923C9C4006F6079 /* SkinVisionTUITests.swift */; };
		687BACF02923C9C4006F6079 /* SkinVisionTUITestsLaunchTests.swift in Sources */ = {isa = PBXBuildFile; fileRef = 687BACEF2923C9C4006F6079 /* SkinVisionTUITestsLaunchTests.swift */; };
		687BAD012923DD34006F6079 /* OptionsView.swift in Sources */ = {isa = PBXBuildFile; fileRef = 687BAD002923DD34006F6079 /* OptionsView.swift */; };
		687BAD032923DD51006F6079 /* ProfileView.swift in Sources */ = {isa = PBXBuildFile; fileRef = 687BAD022923DD51006F6079 /* ProfileView.swift */; };
		687BAD052923FC3A006F6079 /* BodyView.swift in Sources */ = {isa = PBXBuildFile; fileRef = 687BAD042923FC3A006F6079 /* BodyView.swift */; };
		687BAD072923FC4E006F6079 /* DetectorView.swift in Sources */ = {isa = PBXBuildFile; fileRef = 687BAD062923FC4E006F6079 /* DetectorView.swift */; };
		687BAD0B29243EC1006F6079 /* Functions.swift in Sources */ = {isa = PBXBuildFile; fileRef = 687BAD0A29243EC1006F6079 /* Functions.swift */; };
		687BAD0D292517D0006F6079 /* UVView.swift in Sources */ = {isa = PBXBuildFile; fileRef = 687BAD0C292517D0006F6079 /* UVView.swift */; };
		687BAD0F292517E4006F6079 /* ChatView.swift in Sources */ = {isa = PBXBuildFile; fileRef = 687BAD0E292517E4006F6079 /* ChatView.swift */; };
		687BAD1129252B0F006F6079 /* ImagePicker.swift in Sources */ = {isa = PBXBuildFile; fileRef = 687BAD1029252B0F006F6079 /* ImagePicker.swift */; };
		687BAD13292547D9006F6079 /* ResultView.swift in Sources */ = {isa = PBXBuildFile; fileRef = 687BAD12292547D9006F6079 /* ResultView.swift */; };
		687BAD172926D756006F6079 /* NevusAnalyzer.mlmodel in Sources */ = {isa = PBXBuildFile; fileRef = 687BAD162926D756006F6079 /* NevusAnalyzer.mlmodel */; };
		687BAD192927CEFD006F6079 /* UIImage+Extension.swift in Sources */ = {isa = PBXBuildFile; fileRef = 687BAD182927CEFD006F6079 /* UIImage+Extension.swift */; };
		68A9CF82292BD7D600915DB2 /* TryView.swift in Sources */ = {isa = PBXBuildFile; fileRef = 68A9CF81292BD7D600915DB2 /* TryView.swift */; };
		68A9CF84292C48A000915DB2 /* ViewController.swift in Sources */ = {isa = PBXBuildFile; fileRef = 68A9CF83292C48A000915DB2 /* ViewController.swift */; };
/* End PBXBuildFile section */

/* Begin PBXContainerItemProxy section */
		687BACE02923C9C4006F6079 /* PBXContainerItemProxy */ = {
			isa = PBXContainerItemProxy;
			containerPortal = 687BACC72923C9C3006F6079 /* Project object */;
			proxyType = 1;
			remoteGlobalIDString = 687BACCE2923C9C3006F6079;
			remoteInfo = SkinVisionT;
		};
		687BACEA2923C9C4006F6079 /* PBXContainerItemProxy */ = {
			isa = PBXContainerItemProxy;
			containerPortal = 687BACC72923C9C3006F6079 /* Project object */;
			proxyType = 1;
			remoteGlobalIDString = 687BACCE2923C9C3006F6079;
			remoteInfo = SkinVisionT;
		};
/* End PBXContainerItemProxy section */

/* Begin PBXFileReference section */
		687BACCF2923C9C3006F6079 /* SkinVisionT.app */ = {isa = PBXFileReference; explicitFileType = wrapper.application; includeInIndex = 0; path = SkinVisionT.app; sourceTree = BUILT_PRODUCTS_DIR; };
		687BACD22923C9C3006F6079 /* SkinVisionTApp.swift */ = {isa = PBXFileReference; lastKnownFileType = sourcecode.swift; path = SkinVisionTApp.swift; sourceTree = "<group>"; };
		687BACD42923C9C3006F6079 /* ContentView.swift */ = {isa = PBXFileReference; lastKnownFileType = sourcecode.swift; path = ContentView.swift; sourceTree = "<group>"; };
		687BACD62923C9C4006F6079 /* Assets.xcassets */ = {isa = PBXFileReference; lastKnownFileType = folder.assetcatalog; path = Assets.xcassets; sourceTree = "<group>"; };
		687BACD92923C9C4006F6079 /* Preview Assets.xcassets */ = {isa = PBXFileReference; lastKnownFileType = folder.assetcatalog; path = "Preview Assets.xcassets"; sourceTree = "<group>"; };
		687BACDF2923C9C4006F6079 /* SkinVisionTTests.xctest */ = {isa = PBXFileReference; explicitFileType = wrapper.cfbundle; includeInIndex = 0; path = SkinVisionTTests.xctest; sourceTree = BUILT_PRODUCTS_DIR; };
		687BACE32923C9C4006F6079 /* SkinVisionTTests.swift */ = {isa = PBXFileReference; lastKnownFileType = sourcecode.swift; path = SkinVisionTTests.swift; sourceTree = "<group>"; };
		687BACE92923C9C4006F6079 /* SkinVisionTUITests.xctest */ = {isa = PBXFileReference; explicitFileType = wrapper.cfbundle; includeInIndex = 0; path = SkinVisionTUITests.xctest; sourceTree = BUILT_PRODUCTS_DIR; };
		687BACED2923C9C4006F6079 /* SkinVisionTUITests.swift */ = {isa = PBXFileReference; lastKnownFileType = sourcecode.swift; path = SkinVisionTUITests.swift; sourceTree = "<group>"; };
		687BACEF2923C9C4006F6079 /* SkinVisionTUITestsLaunchTests.swift */ = {isa = PBXFileReference; lastKnownFileType = sourcecode.swift; path = SkinVisionTUITestsLaunchTests.swift; sourceTree = "<group>"; };
		687BAD002923DD34006F6079 /* OptionsView.swift */ = {isa = PBXFileReference; lastKnownFileType = sourcecode.swift; path = OptionsView.swift; sourceTree = "<group>"; };
		687BAD022923DD51006F6079 /* ProfileView.swift */ = {isa = PBXFileReference; lastKnownFileType = sourcecode.swift; path = ProfileView.swift; sourceTree = "<group>"; };
		687BAD042923FC3A006F6079 /* BodyView.swift */ = {isa = PBXFileReference; lastKnownFileType = sourcecode.swift; path = BodyView.swift; sourceTree = "<group>"; };
		687BAD062923FC4E006F6079 /* DetectorView.swift */ = {isa = PBXFileReference; lastKnownFileType = sourcecode.swift; path = DetectorView.swift; sourceTree = "<group>"; };
		687BAD0A29243EC1006F6079 /* Functions.swift */ = {isa = PBXFileReference; lastKnownFileType = sourcecode.swift; path = Functions.swift; sourceTree = "<group>"; };
		687BAD0C292517D0006F6079 /* UVView.swift */ = {isa = PBXFileReference; lastKnownFileType = sourcecode.swift; path = UVView.swift; sourceTree = "<group>"; };
		687BAD0E292517E4006F6079 /* ChatView.swift */ = {isa = PBXFileReference; lastKnownFileType = sourcecode.swift; path = ChatView.swift; sourceTree = "<group>"; };
		687BAD1029252B0F006F6079 /* ImagePicker.swift */ = {isa = PBXFileReference; lastKnownFileType = sourcecode.swift; path = ImagePicker.swift; sourceTree = "<group>"; };
		687BAD12292547D9006F6079 /* ResultView.swift */ = {isa = PBXFileReference; lastKnownFileType = sourcecode.swift; path = ResultView.swift; sourceTree = "<group>"; };
		687BAD162926D756006F6079 /* NevusAnalyzer.mlmodel */ = {isa = PBXFileReference; lastKnownFileType = file.mlmodel; path = NevusAnalyzer.mlmodel; sourceTree = "<group>"; };
		687BAD182927CEFD006F6079 /* UIImage+Extension.swift */ = {isa = PBXFileReference; fileEncoding = 4; lastKnownFileType = sourcecode.swift; path = "UIImage+Extension.swift"; sourceTree = "<group>"; };
		68A9CF81292BD7D600915DB2 /* TryView.swift */ = {isa = PBXFileReference; lastKnownFileType = sourcecode.swift; path = TryView.swift; sourceTree = "<group>"; };
		68A9CF83292C48A000915DB2 /* ViewController.swift */ = {isa = PBXFileReference; lastKnownFileType = sourcecode.swift; path = ViewController.swift; sourceTree = "<group>"; };
/* End PBXFileReference section */

/* Begin PBXFrameworksBuildPhase section */
		687BACCC2923C9C3006F6079 /* Frameworks */ = {
			isa = PBXFrameworksBuildPhase;
			buildActionMask = 2147483647;
			files = (
			);
			runOnlyForDeploymentPostprocessing = 0;
		};
		687BACDC2923C9C4006F6079 /* Frameworks */ = {
			isa = PBXFrameworksBuildPhase;
			buildActionMask = 2147483647;
			files = (
			);
			runOnlyForDeploymentPostprocessing = 0;
		};
		687BACE62923C9C4006F6079 /* Frameworks */ = {
			isa = PBXFrameworksBuildPhase;
			buildActionMask = 2147483647;
			files = (
			);
			runOnlyForDeploymentPostprocessing = 0;
		};
/* End PBXFrameworksBuildPhase section */

/* Begin PBXGroup section */
		687BACC62923C9C3006F6079 = {
			isa = PBXGroup;
			children = (
				687BACD12923C9C3006F6079 /* SkinVisionT */,
				687BACE22923C9C4006F6079 /* SkinVisionTTests */,
				687BACEC2923C9C4006F6079 /* SkinVisionTUITests */,
				687BACD02923C9C3006F6079 /* Products */,
			);
			sourceTree = "<group>";
		};
		687BACD02923C9C3006F6079 /* Products */ = {
			isa = PBXGroup;
			children = (
				687BACCF2923C9C3006F6079 /* SkinVisionT.app */,
				687BACDF2923C9C4006F6079 /* SkinVisionTTests.xctest */,
				687BACE92923C9C4006F6079 /* SkinVisionTUITests.xctest */,
			);
			name = Products;
			sourceTree = "<group>";
		};
		687BACD12923C9C3006F6079 /* SkinVisionT */ = {
			isa = PBXGroup;
			children = (
				687BACFD2923C9E0006F6079 /* Views */,
				687BACFC2923C9D2006F6079 /* Models */,
				687BACD22923C9C3006F6079 /* SkinVisionTApp.swift */,
				687BAD162926D756006F6079 /* NevusAnalyzer.mlmodel */,
				687BACD42923C9C3006F6079 /* ContentView.swift */,
				687BACD62923C9C4006F6079 /* Assets.xcassets */,
				687BACD82923C9C4006F6079 /* Preview Content */,
			);
			path = SkinVisionT;
			sourceTree = "<group>";
		};
		687BACD82923C9C4006F6079 /* Preview Content */ = {
			isa = PBXGroup;
			children = (
				687BACD92923C9C4006F6079 /* Preview Assets.xcassets */,
			);
			path = "Preview Content";
			sourceTree = "<group>";
		};
		687BACE22923C9C4006F6079 /* SkinVisionTTests */ = {
			isa = PBXGroup;
			children = (
				687BACE32923C9C4006F6079 /* SkinVisionTTests.swift */,
			);
			path = SkinVisionTTests;
			sourceTree = "<group>";
		};
		687BACEC2923C9C4006F6079 /* SkinVisionTUITests */ = {
			isa = PBXGroup;
			children = (
				687BACED2923C9C4006F6079 /* SkinVisionTUITests.swift */,
				687BACEF2923C9C4006F6079 /* SkinVisionTUITestsLaunchTests.swift */,
			);
			path = SkinVisionTUITests;
			sourceTree = "<group>";
		};
		687BACFC2923C9D2006F6079 /* Models */ = {
			isa = PBXGroup;
			children = (
				687BAD0A29243EC1006F6079 /* Functions.swift */,
				687BAD1029252B0F006F6079 /* ImagePicker.swift */,
				687BAD182927CEFD006F6079 /* UIImage+Extension.swift */,
				68A9CF83292C48A000915DB2 /* ViewController.swift */,
			);
			path = Models;
			sourceTree = "<group>";
		};
		687BACFD2923C9E0006F6079 /* Views */ = {
			isa = PBXGroup;
			children = (
				687BAD002923DD34006F6079 /* OptionsView.swift */,
				687BAD022923DD51006F6079 /* ProfileView.swift */,
				687BAD042923FC3A006F6079 /* BodyView.swift */,
				687BAD062923FC4E006F6079 /* DetectorView.swift */,
				687BAD0C292517D0006F6079 /* UVView.swift */,
				687BAD0E292517E4006F6079 /* ChatView.swift */,
				687BAD12292547D9006F6079 /* ResultView.swift */,
				68A9CF81292BD7D600915DB2 /* TryView.swift */,
			);
			path = Views;
			sourceTree = "<group>";
		};
/* End PBXGroup section */

/* Begin PBXNativeTarget section */
		687BACCE2923C9C3006F6079 /* SkinVisionT */ = {
			isa = PBXNativeTarget;
			buildConfigurationList = 687BACF32923C9C4006F6079 /* Build configuration list for PBXNativeTarget "SkinVisionT" */;
			buildPhases = (
				687BACCB2923C9C3006F6079 /* Sources */,
				687BACCC2923C9C3006F6079 /* Frameworks */,
				687BACCD2923C9C3006F6079 /* Resources */,
			);
			buildRules = (
			);
			dependencies = (
			);
			name = SkinVisionT;
			productName = SkinVisionT;
			productReference = 687BACCF2923C9C3006F6079 /* SkinVisionT.app */;
			productType = "com.apple.product-type.application";
		};
		687BACDE2923C9C4006F6079 /* SkinVisionTTests */ = {
			isa = PBXNativeTarget;
			buildConfigurationList = 687BACF62923C9C4006F6079 /* Build configuration list for PBXNativeTarget "SkinVisionTTests" */;
			buildPhases = (
				687BACDB2923C9C4006F6079 /* Sources */,
				687BACDC2923C9C4006F6079 /* Frameworks */,
				687BACDD2923C9C4006F6079 /* Resources */,
			);
			buildRules = (
			);
			dependencies = (
				687BACE12923C9C4006F6079 /* PBXTargetDependency */,
			);
			name = SkinVisionTTests;
			productName = SkinVisionTTests;
			productReference = 687BACDF2923C9C4006F6079 /* SkinVisionTTests.xctest */;
			productType = "com.apple.product-type.bundle.unit-test";
		};
		687BACE82923C9C4006F6079 /* SkinVisionTUITests */ = {
			isa = PBXNativeTarget;
			buildConfigurationList = 687BACF92923C9C4006F6079 /* Build configuration list for PBXNativeTarget "SkinVisionTUITests" */;
			buildPhases = (
				687BACE52923C9C4006F6079 /* Sources */,
				687BACE62923C9C4006F6079 /* Frameworks */,
				687BACE72923C9C4006F6079 /* Resources */,
			);
			buildRules = (
			);
			dependencies = (
				687BACEB2923C9C4006F6079 /* PBXTargetDependency */,
			);
			name = SkinVisionTUITests;
			productName = SkinVisionTUITests;
			productReference = 687BACE92923C9C4006F6079 /* SkinVisionTUITests.xctest */;
			productType = "com.apple.product-type.bundle.ui-testing";
		};
/* End PBXNativeTarget section */

/* Begin PBXProject section */
		687BACC72923C9C3006F6079 /* Project object */ = {
			isa = PBXProject;
			attributes = {
				BuildIndependentTargetsInParallel = 1;
				LastSwiftUpdateCheck = 1410;
				LastUpgradeCheck = 1410;
				TargetAttributes = {
					687BACCE2923C9C3006F6079 = {
						CreatedOnToolsVersion = 14.1;
					};
					687BACDE2923C9C4006F6079 = {
						CreatedOnToolsVersion = 14.1;
						TestTargetID = 687BACCE2923C9C3006F6079;
					};
					687BACE82923C9C4006F6079 = {
						CreatedOnToolsVersion = 14.1;
						TestTargetID = 687BACCE2923C9C3006F6079;
					};
				};
			};
			buildConfigurationList = 687BACCA2923C9C3006F6079 /* Build configuration list for PBXProject "SkinVisionT" */;
			compatibilityVersion = "Xcode 14.0";
			developmentRegion = en;
			hasScannedForEncodings = 0;
			knownRegions = (
				en,
				Base,
			);
			mainGroup = 687BACC62923C9C3006F6079;
			productRefGroup = 687BACD02923C9C3006F6079 /* Products */;
			projectDirPath = "";
			projectRoot = "";
			targets = (
				687BACCE2923C9C3006F6079 /* SkinVisionT */,
				687BACDE2923C9C4006F6079 /* SkinVisionTTests */,
				687BACE82923C9C4006F6079 /* SkinVisionTUITests */,
			);
		};
/* End PBXProject section */

/* Begin PBXResourcesBuildPhase section */
		687BACCD2923C9C3006F6079 /* Resources */ = {
			isa = PBXResourcesBuildPhase;
			buildActionMask = 2147483647;
			files = (
				687BACDA2923C9C4006F6079 /* Preview Assets.xcassets in Resources */,
				687BACD72923C9C4006F6079 /* Assets.xcassets in Resources */,
			);
			runOnlyForDeploymentPostprocessing = 0;
		};
		687BACDD2923C9C4006F6079 /* Resources */ = {
			isa = PBXResourcesBuildPhase;
			buildActionMask = 2147483647;
			files = (
			);
			runOnlyForDeploymentPostprocessing = 0;
		};
		687BACE72923C9C4006F6079 /* Resources */ = {
			isa = PBXResourcesBuildPhase;
			buildActionMask = 2147483647;
			files = (
			);
			runOnlyForDeploymentPostprocessing = 0;
		};
/* End PBXResourcesBuildPhase section */

/* Begin PBXSourcesBuildPhase section */
		687BACCB2923C9C3006F6079 /* Sources */ = {
			isa = PBXSourcesBuildPhase;
			buildActionMask = 2147483647;
			files = (
				68A9CF84292C48A000915DB2 /* ViewController.swift in Sources */,
				687BAD192927CEFD006F6079 /* UIImage+Extension.swift in Sources */,
				687BACD52923C9C3006F6079 /* ContentView.swift in Sources */,
				68A9CF82292BD7D600915DB2 /* TryView.swift in Sources */,
				687BAD032923DD51006F6079 /* ProfileView.swift in Sources */,
				687BACD32923C9C3006F6079 /* SkinVisionTApp.swift in Sources */,
				687BAD0B29243EC1006F6079 /* Functions.swift in Sources */,
				687BAD172926D756006F6079 /* NevusAnalyzer.mlmodel in Sources */,
				687BAD0F292517E4006F6079 /* ChatView.swift in Sources */,
				687BAD052923FC3A006F6079 /* BodyView.swift in Sources */,
				687BAD0D292517D0006F6079 /* UVView.swift in Sources */,
				687BAD13292547D9006F6079 /* ResultView.swift in Sources */,
				687BAD1129252B0F006F6079 /* ImagePicker.swift in Sources */,
				687BAD012923DD34006F6079 /* OptionsView.swift in Sources */,
				687BAD072923FC4E006F6079 /* DetectorView.swift in Sources */,
			);
			runOnlyForDeploymentPostprocessing = 0;
		};
		687BACDB2923C9C4006F6079 /* Sources */ = {
			isa = PBXSourcesBuildPhase;
			buildActionMask = 2147483647;
			files = (
				687BACE42923C9C4006F6079 /* SkinVisionTTests.swift in Sources */,
			);
			runOnlyForDeploymentPostprocessing = 0;
		};
		687BACE52923C9C4006F6079 /* Sources */ = {
			isa = PBXSourcesBuildPhase;
			buildActionMask = 2147483647;
			files = (
				687BACF02923C9C4006F6079 /* SkinVisionTUITestsLaunchTests.swift in Sources */,
				687BACEE2923C9C4006F6079 /* SkinVisionTUITests.swift in Sources */,
			);
			runOnlyForDeploymentPostprocessing = 0;
		};
/* End PBXSourcesBuildPhase section */

/* Begin PBXTargetDependency section */
		687BACE12923C9C4006F6079 /* PBXTargetDependency */ = {
			isa = PBXTargetDependency;
			target = 687BACCE2923C9C3006F6079 /* SkinVisionT */;
			targetProxy = 687BACE02923C9C4006F6079 /* PBXContainerItemProxy */;
		};
		687BACEB2923C9C4006F6079 /* PBXTargetDependency */ = {
			isa = PBXTargetDependency;
			target = 687BACCE2923C9C3006F6079 /* SkinVisionT */;
			targetProxy = 687BACEA2923C9C4006F6079 /* PBXContainerItemProxy */;
		};
/* End PBXTargetDependency section */

/* Begin XCBuildConfiguration section */
		687BACF12923C9C4006F6079 /* Debug */ = {
			isa = XCBuildConfiguration;
			buildSettings = {
				ALWAYS_SEARCH_USER_PATHS = NO;
				CLANG_ANALYZER_NONNULL = YES;
				CLANG_ANALYZER_NUMBER_OBJECT_CONVERSION = YES_AGGRESSIVE;
				CLANG_CXX_LANGUAGE_STANDARD = "gnu++20";
				CLANG_ENABLE_MODULES = YES;
				CLANG_ENABLE_OBJC_ARC = YES;
				CLANG_ENABLE_OBJC_WEAK = YES;
				CLANG_WARN_BLOCK_CAPTURE_AUTORELEASING = YES;
				CLANG_WARN_BOOL_CONVERSION = YES;
				CLANG_WARN_COMMA = YES;
				CLANG_WARN_CONSTANT_CONVERSION = YES;
				CLANG_WARN_DEPRECATED_OBJC_IMPLEMENTATIONS = YES;
				CLANG_WARN_DIRECT_OBJC_ISA_USAGE = YES_ERROR;
				CLANG_WARN_DOCUMENTATION_COMMENTS = YES;
				CLANG_WARN_EMPTY_BODY = YES;
				CLANG_WARN_ENUM_CONVERSION = YES;
				CLANG_WARN_INFINITE_RECURSION = YES;
				CLANG_WARN_INT_CONVERSION = YES;
				CLANG_WARN_NON_LITERAL_NULL_CONVERSION = YES;
				CLANG_WARN_OBJC_IMPLICIT_RETAIN_SELF = YES;
				CLANG_WARN_OBJC_LITERAL_CONVERSION = YES;
				CLANG_WARN_OBJC_ROOT_CLASS = YES_ERROR;
				CLANG_WARN_QUOTED_INCLUDE_IN_FRAMEWORK_HEADER = YES;
				CLANG_WARN_RANGE_LOOP_ANALYSIS = YES;
				CLANG_WARN_STRICT_PROTOTYPES = YES;
				CLANG_WARN_SUSPICIOUS_MOVE = YES;
				CLANG_WARN_UNGUARDED_AVAILABILITY = YES_AGGRESSIVE;
				CLANG_WARN_UNREACHABLE_CODE = YES;
				CLANG_WARN__DUPLICATE_METHOD_MATCH = YES;
				COPY_PHASE_STRIP = NO;
				DEBUG_INFORMATION_FORMAT = dwarf;
				ENABLE_STRICT_OBJC_MSGSEND = YES;
				ENABLE_TESTABILITY = YES;
				GCC_C_LANGUAGE_STANDARD = gnu11;
				GCC_DYNAMIC_NO_PIC = NO;
				GCC_NO_COMMON_BLOCKS = YES;
				GCC_OPTIMIZATION_LEVEL = 0;
				GCC_PREPROCESSOR_DEFINITIONS = (
					"DEBUG=1",
					"$(inherited)",
				);
				GCC_WARN_64_TO_32_BIT_CONVERSION = YES;
				GCC_WARN_ABOUT_RETURN_TYPE = YES_ERROR;
				GCC_WARN_UNDECLARED_SELECTOR = YES;
				GCC_WARN_UNINITIALIZED_AUTOS = YES_AGGRESSIVE;
				GCC_WARN_UNUSED_FUNCTION = YES;
				GCC_WARN_UNUSED_VARIABLE = YES;
				IPHONEOS_DEPLOYMENT_TARGET = 16.1;
				MTL_ENABLE_DEBUG_INFO = INCLUDE_SOURCE;
				MTL_FAST_MATH = YES;
				ONLY_ACTIVE_ARCH = YES;
				SDKROOT = iphoneos;
				SWIFT_ACTIVE_COMPILATION_CONDITIONS = DEBUG;
				SWIFT_OPTIMIZATION_LEVEL = "-Onone";
			};
			name = Debug;
		};
		687BACF22923C9C4006F6079 /* Release */ = {
			isa = XCBuildConfiguration;
			buildSettings = {
				ALWAYS_SEARCH_USER_PATHS = NO;
				CLANG_ANALYZER_NONNULL = YES;
				CLANG_ANALYZER_NUMBER_OBJECT_CONVERSION = YES_AGGRESSIVE;
				CLANG_CXX_LANGUAGE_STANDARD = "gnu++20";
				CLANG_ENABLE_MODULES = YES;
				CLANG_ENABLE_OBJC_ARC = YES;
				CLANG_ENABLE_OBJC_WEAK = YES;
				CLANG_WARN_BLOCK_CAPTURE_AUTORELEASING = YES;
				CLANG_WARN_BOOL_CONVERSION = YES;
				CLANG_WARN_COMMA = YES;
				CLANG_WARN_CONSTANT_CONVERSION = YES;
				CLANG_WARN_DEPRECATED_OBJC_IMPLEMENTATIONS = YES;
				CLANG_WARN_DIRECT_OBJC_ISA_USAGE = YES_ERROR;
				CLANG_WARN_DOCUMENTATION_COMMENTS = YES;
				CLANG_WARN_EMPTY_BODY = YES;
				CLANG_WARN_ENUM_CONVERSION = YES;
				CLANG_WARN_INFINITE_RECURSION = YES;
				CLANG_WARN_INT_CONVERSION = YES;
				CLANG_WARN_NON_LITERAL_NULL_CONVERSION = YES;
				CLANG_WARN_OBJC_IMPLICIT_RETAIN_SELF = YES;
				CLANG_WARN_OBJC_LITERAL_CONVERSION = YES;
				CLANG_WARN_OBJC_ROOT_CLASS = YES_ERROR;
				CLANG_WARN_QUOTED_INCLUDE_IN_FRAMEWORK_HEADER = YES;
				CLANG_WARN_RANGE_LOOP_ANALYSIS = YES;
				CLANG_WARN_STRICT_PROTOTYPES = YES;
				CLANG_WARN_SUSPICIOUS_MOVE = YES;
				CLANG_WARN_UNGUARDED_AVAILABILITY = YES_AGGRESSIVE;
				CLANG_WARN_UNREACHABLE_CODE = YES;
				CLANG_WARN__DUPLICATE_METHOD_MATCH = YES;
				COPY_PHASE_STRIP = NO;
				DEBUG_INFORMATION_FORMAT = "dwarf-with-dsym";
				ENABLE_NS_ASSERTIONS = NO;
				ENABLE_STRICT_OBJC_MSGSEND = YES;
				GCC_C_LANGUAGE_STANDARD = gnu11;
				GCC_NO_COMMON_BLOCKS = YES;
				GCC_WARN_64_TO_32_BIT_CONVERSION = YES;
				GCC_WARN_ABOUT_RETURN_TYPE = YES_ERROR;
				GCC_WARN_UNDECLARED_SELECTOR = YES;
				GCC_WARN_UNINITIALIZED_AUTOS = YES_AGGRESSIVE;
				GCC_WARN_UNUSED_FUNCTION = YES;
				GCC_WARN_UNUSED_VARIABLE = YES;
				IPHONEOS_DEPLOYMENT_TARGET = 16.1;
				MTL_ENABLE_DEBUG_INFO = NO;
				MTL_FAST_MATH = YES;
				SDKROOT = iphoneos;
				SWIFT_COMPILATION_MODE = wholemodule;
				SWIFT_OPTIMIZATION_LEVEL = "-O";
				VALIDATE_PRODUCT = YES;
			};
			name = Release;
		};
		687BACF42923C9C4006F6079 /* Debug */ = {
			isa = XCBuildConfiguration;
			buildSettings = {
				ASSETCATALOG_COMPILER_APPICON_NAME = AppIcon;
				ASSETCATALOG_COMPILER_GLOBAL_ACCENT_COLOR_NAME = AccentColor;
				CODE_SIGN_STYLE = Automatic;
				CURRENT_PROJECT_VERSION = 1;
				DEVELOPMENT_ASSET_PATHS = "\"SkinVisionT/Preview Content\"";
				DEVELOPMENT_TEAM = T3577S6M37;
				ENABLE_PREVIEWS = YES;
				GENERATE_INFOPLIST_FILE = YES;
				INFOPLIST_KEY_NSCameraUsageDescription = "We need the caera permittion";
				INFOPLIST_KEY_UIApplicationSceneManifest_Generation = YES;
				INFOPLIST_KEY_UIApplicationSupportsIndirectInputEvents = YES;
				INFOPLIST_KEY_UILaunchScreen_Generation = YES;
				INFOPLIST_KEY_UISupportedInterfaceOrientations_iPad = "UIInterfaceOrientationPortrait UIInterfaceOrientationPortraitUpsideDown UIInterfaceOrientationLandscapeLeft UIInterfaceOrientationLandscapeRight";
				INFOPLIST_KEY_UISupportedInterfaceOrientations_iPhone = "UIInterfaceOrientationPortrait UIInterfaceOrientationPortrait UIInterfaceOrientationLandscapeLeft UIInterfaceOrientationLandscapeRight";
				LD_RUNPATH_SEARCH_PATHS = (
					"$(inherited)",
					"@executable_path/Frameworks",
				);
				MARKETING_VERSION = 1.0;
				PRODUCT_BUNDLE_IDENTIFIER = com.Frank.SkinVisionT;
				PRODUCT_NAME = "$(TARGET_NAME)";
				SWIFT_EMIT_LOC_STRINGS = YES;
				SWIFT_VERSION = 5.0;
				TARGETED_DEVICE_FAMILY = "1,2";
			};
			name = Debug;
		};
		687BACF52923C9C4006F6079 /* Release */ = {
			isa = XCBuildConfiguration;
			buildSettings = {
				ASSETCATALOG_COMPILER_APPICON_NAME = AppIcon;
				ASSETCATALOG_COMPILER_GLOBAL_ACCENT_COLOR_NAME = AccentColor;
				CODE_SIGN_STYLE = Automatic;
				CURRENT_PROJECT_VERSION = 1;
				DEVELOPMENT_ASSET_PATHS = "\"SkinVisionT/Preview Content\"";
				DEVELOPMENT_TEAM = T3577S6M37;
				ENABLE_PREVIEWS = YES;
				GENERATE_INFOPLIST_FILE = YES;
				INFOPLIST_KEY_NSCameraUsageDescription = "We need the caera permittion";
				INFOPLIST_KEY_UIApplicationSceneManifest_Generation = YES;
				INFOPLIST_KEY_UIApplicationSupportsIndirectInputEvents = YES;
				INFOPLIST_KEY_UILaunchScreen_Generation = YES;
				INFOPLIST_KEY_UISupportedInterfaceOrientations_iPad = "UIInterfaceOrientationPortrait UIInterfaceOrientationPortraitUpsideDown UIInterfaceOrientationLandscapeLeft UIInterfaceOrientationLandscapeRight";
				INFOPLIST_KEY_UISupportedInterfaceOrientations_iPhone = "UIInterfaceOrientationPortrait UIInterfaceOrientationPortrait UIInterfaceOrientationLandscapeLeft UIInterfaceOrientationLandscapeRight";
				LD_RUNPATH_SEARCH_PATHS = (
					"$(inherited)",
					"@executable_path/Frameworks",
				);
				MARKETING_VERSION = 1.0;
				PRODUCT_BUNDLE_IDENTIFIER = com.Frank.SkinVisionT;
				PRODUCT_NAME = "$(TARGET_NAME)";
				SWIFT_EMIT_LOC_STRINGS = YES;
				SWIFT_VERSION = 5.0;
				TARGETED_DEVICE_FAMILY = "1,2";
			};
			name = Release;
		};
		687BACF72923C9C4006F6079 /* Debug */ = {
			isa = XCBuildConfiguration;
			buildSettings = {
				ALWAYS_EMBED_SWIFT_STANDARD_LIBRARIES = YES;
				BUNDLE_LOADER = "$(TEST_HOST)";
				CODE_SIGN_STYLE = Automatic;
				CURRENT_PROJECT_VERSION = 1;
				DEVELOPMENT_TEAM = T3577S6M37;
				GENERATE_INFOPLIST_FILE = YES;
				IPHONEOS_DEPLOYMENT_TARGET = 16.1;
				MARKETING_VERSION = 1.0;
				PRODUCT_BUNDLE_IDENTIFIER = com.Frank.SkinVisionTTests;
				PRODUCT_NAME = "$(TARGET_NAME)";
				SWIFT_EMIT_LOC_STRINGS = NO;
				SWIFT_VERSION = 5.0;
				TARGETED_DEVICE_FAMILY = "1,2";
				TEST_HOST = "$(BUILT_PRODUCTS_DIR)/SkinVisionT.app/$(BUNDLE_EXECUTABLE_FOLDER_PATH)/SkinVisionT";
			};
			name = Debug;
		};
		687BACF82923C9C4006F6079 /* Release */ = {
			isa = XCBuildConfiguration;
			buildSettings = {
				ALWAYS_EMBED_SWIFT_STANDARD_LIBRARIES = YES;
				BUNDLE_LOADER = "$(TEST_HOST)";
				CODE_SIGN_STYLE = Automatic;
				CURRENT_PROJECT_VERSION = 1;
				DEVELOPMENT_TEAM = T3577S6M37;
				GENERATE_INFOPLIST_FILE = YES;
				IPHONEOS_DEPLOYMENT_TARGET = 16.1;
				MARKETING_VERSION = 1.0;
				PRODUCT_BUNDLE_IDENTIFIER = com.Frank.SkinVisionTTests;
				PRODUCT_NAME = "$(TARGET_NAME)";
				SWIFT_EMIT_LOC_STRINGS = NO;
				SWIFT_VERSION = 5.0;
				TARGETED_DEVICE_FAMILY = "1,2";
				TEST_HOST = "$(BUILT_PRODUCTS_DIR)/SkinVisionT.app/$(BUNDLE_EXECUTABLE_FOLDER_PATH)/SkinVisionT";
			};
			name = Release;
		};
		687BACFA2923C9C4006F6079 /* Debug */ = {
			isa = XCBuildConfiguration;
			buildSettings = {
				ALWAYS_EMBED_SWIFT_STANDARD_LIBRARIES = YES;
				CODE_SIGN_STYLE = Automatic;
				CURRENT_PROJECT_VERSION = 1;
				DEVELOPMENT_TEAM = T3577S6M37;
				GENERATE_INFOPLIST_FILE = YES;
				MARKETING_VERSION = 1.0;
				PRODUCT_BUNDLE_IDENTIFIER = com.Frank.SkinVisionTUITests;
				PRODUCT_NAME = "$(TARGET_NAME)";
				SWIFT_EMIT_LOC_STRINGS = NO;
				SWIFT_VERSION = 5.0;
				TARGETED_DEVICE_FAMILY = "1,2";
				TEST_TARGET_NAME = SkinVisionT;
			};
			name = Debug;
		};
		687BACFB2923C9C4006F6079 /* Release */ = {
			isa = XCBuildConfiguration;
			buildSettings = {
				ALWAYS_EMBED_SWIFT_STANDARD_LIBRARIES = YES;
				CODE_SIGN_STYLE = Automatic;
				CURRENT_PROJECT_VERSION = 1;
				DEVELOPMENT_TEAM = T3577S6M37;
				GENERATE_INFOPLIST_FILE = YES;
				MARKETING_VERSION = 1.0;
				PRODUCT_BUNDLE_IDENTIFIER = com.Frank.SkinVisionTUITests;
				PRODUCT_NAME = "$(TARGET_NAME)";
				SWIFT_EMIT_LOC_STRINGS = NO;
				SWIFT_VERSION = 5.0;
				TARGETED_DEVICE_FAMILY = "1,2";
				TEST_TARGET_NAME = SkinVisionT;
			};
			name = Release;
		};
/* End XCBuildConfiguration section */

/* Begin XCConfigurationList section */
		687BACCA2923C9C3006F6079 /* Build configuration list for PBXProject "SkinVisionT" */ = {
			isa = XCConfigurationList;
			buildConfigurations = (
				687BACF12923C9C4006F6079 /* Debug */,
				687BACF22923C9C4006F6079 /* Release */,
			);
			defaultConfigurationIsVisible = 0;
			defaultConfigurationName = Release;
		};
		687BACF32923C9C4006F6079 /* Build configuration list for PBXNativeTarget "SkinVisionT" */ = {
			isa = XCConfigurationList;
			buildConfigurations = (
				687BACF42923C9C4006F6079 /* Debug */,
				687BACF52923C9C4006F6079 /* Release */,
			);
			defaultConfigurationIsVisible = 0;
			defaultConfigurationName = Release;
		};
		687BACF62923C9C4006F6079 /* Build configuration list for PBXNativeTarget "SkinVisionTTests" */ = {
			isa = XCConfigurationList;
			buildConfigurations = (
				687BACF72923C9C4006F6079 /* Debug */,
				687BACF82923C9C4006F6079 /* Release */,
			);
			defaultConfigurationIsVisible = 0;
			defaultConfigurationName = Release;
		};
		687BACF92923C9C4006F6079 /* Build configuration list for PBXNativeTarget "SkinVisionTUITests" */ = {
			isa = XCConfigurationList;
			buildConfigurations = (
				687BACFA2923C9C4006F6079 /* Debug */,
				687BACFB2923C9C4006F6079 /* Release */,
			);
			defaultConfigurationIsVisible = 0;
			defaultConfigurationName = Release;
		};
/* End XCConfigurationList section */
	};
	rootObject = 687BACC72923C9C3006F6079 /* Project object */;
}
